<?xml version="1.0" encoding="utf-8"?>
<Project ToolsVersion="4.0" xmlns="http://schemas.microsoft.com/developer/msbuild/2003">
  <ItemGroup>
    <Filter Include="Source Files">
      <UniqueIdentifier>{4FC737F1-C7A5-4376-A066-2A32D752A2FF}</UniqueIdentifier>
      <Extensions>cpp;c;cc;cxx;def;odl;idl;hpj;bat;asm;asmx</Extensions>
    </Filter>
    <Filter Include="Header Files">
      <UniqueIdentifier>{93995380-89BD-4b04-88EB-625FBE52EBFB}</UniqueIdentifier>
      <Extensions>h;hh;hpp;hxx;hm;inl;inc;xsd</Extensions>
    </Filter>
    <Filter Include="Resource Files">
      <UniqueIdentifier>{D9D6E242-F8AF-46E4-B9FD-80ECBC20BA3E}</UniqueIdentifier>
      <Extensions>qrc;*</Extensions>
      <ParseFiles>false</ParseFiles>
    </Filter>
    <Filter Include="Form Files">
      <UniqueIdentifier>{99349809-55BA-4b9d-BF79-8FDBB0286EB3}</UniqueIdentifier>
      <Extensions>ui</Extensions>
    </Filter>
    <Filter Include="Resource Files">
      <UniqueIdentifier>{D9D6E242-F8AF-46E4-B9FD-80ECBC20BA3E}</UniqueIdentifier>
      <Extensions>qrc;*</Extensions>
      <ParseFiles>false</ParseFiles>
    </Filter>
    <Filter Include="Generated Files">
      <UniqueIdentifier>{71ED8ED8-ACB9-4CE9-BBE1-E00B30144E11}</UniqueIdentifier>
      <Extensions>moc;h;cpp</Extensions>
      <SourceControlFiles>False</SourceControlFiles>
    </Filter>
  </ItemGroup>
  <ItemGroup>
    <ClCompile Include="main.cpp">
      <Filter>Source Files</Filter>
    </ClCompile>
    <ClCompile Include="AcData.cpp">
      <Filter>Source Files</Filter>
    </ClCompile>
    <ClCompile Include="mythread1.cpp">
      <Filter>Source Files</Filter>
    </ClCompile>
    <ClCompile Include="mythread2.cpp">
      <Filter>Source Files</Filter>
    </ClCompile>
    <ClCompile Include="mythread3.cpp">
      <Filter>Source Files</Filter>
    </ClCompile>
    <ClCompile Include="vary.cpp">
      <Filter>Source Files</Filter>
    </ClCompile>
    <ClCompile Include="history_data.cpp">
      <Filter>Source Files</Filter>
    </ClCompile>
    <ClCompile Include="qwchartview.cpp">
      <Filter>Source Files</Filter>
    </ClCompile>
    <ClCompile Include="StdAfx.cpp">
      <Filter>Source Files</Filter>
    </ClCompile>
    <ClCompile Include="detect_status.cpp">
      <Filter>Source Files</Filter>
    </ClCompile>
    <ClCompile Include="WaveletPacketTree.cc">
      <Filter>Source Files</Filter>
    </ClCompile>
    <ClCompile Include="WaveletMath.cc">
      <Filter>Source Files</Filter>
    </ClCompile>
    <ClCompile Include="Wavelet.cc">
      <Filter>Source Files</Filter>
    </ClCompile>
    <ClCompile Include="StationaryWaveletPacketTree.cc">
      <Filter>Source Files</Filter>
    </ClCompile>
    <ClCompile Include="newtool_collect.cpp">
      <Filter>Source Files</Filter>
    </ClCompile>
    <ClCompile Include="brokentool_collect.cpp">
      <Filter>Source Files</Filter>
    </ClCompile>
    <ClCompile Include="train_wave.cpp">
      <Filter>Source Files</Filter>
    </ClCompile>
    <ClCompile Include="RT_TCM_AE.cpp">
      <Filter>Source Files</Filter>
    </ClCompile>
  </ItemGroup>
  <ItemGroup>
    <QtMoc Include="AcData.h">
      <Filter>Header Files</Filter>
    </QtMoc>
    <QtMoc Include="mythread1.h">
      <Filter>Header Files</Filter>
    </QtMoc>
    <QtMoc Include="mythread2.h">
      <Filter>Header Files</Filter>
    </QtMoc>
    <QtMoc Include="mythread3.h">
      <Filter>Header Files</Filter>
    </QtMoc>
    <QtMoc Include="history_data.h">
      <Filter>Header Files</Filter>
    </QtMoc>
    <QtMoc Include="qwchartview.h">
      <Filter>Header Files</Filter>
    </QtMoc>
    <QtMoc Include="detect_status.h">
      <Filter>Header Files</Filter>
    </QtMoc>
    <QtMoc Include="newtool_collect.h">
      <Filter>Header Files</Filter>
    </QtMoc>
    <QtMoc Include="train_wave.h">
      <Filter>Header Files</Filter>
    </QtMoc>
  </ItemGroup>
  <ItemGroup>
    <QtUic Include="AcData.ui">
      <Filter>Form Files</Filter>
    </QtUic>
    <QtUic Include="history_data.ui">
      <Filter>Form Files</Filter>
    </QtUic>
  </ItemGroup>
  <ItemGroup>
    <QtRcc Include="AcData.qrc">
      <Filter>Resource Files</Filter>
    </QtRcc>
  </ItemGroup>
  <ItemGroup>
    <ClInclude Include="vary.h">
      <Filter>Header Files</Filter>
    </ClInclude>
    <ClInclude Include="PCIE9758C.h">
      <Filter>Header Files</Filter>
    </ClInclude>
    <ClInclude Include="resource.h">
      <Filter>Header Files</Filter>
    </ClInclude>
    <ClInclude Include="StdAfx.h">
      <Filter>Header Files</Filter>
    </ClInclude>
    <ClInclude Include="StationaryWaveletPacketTree.h">
      <Filter>Header Files</Filter>
    </ClInclude>
    <ClInclude Include="Tree.h">
      <Filter>Header Files</Filter>
    </ClInclude>
    <ClInclude Include="Wavelet.h">
      <Filter>Header Files</Filter>
    </ClInclude>
    <ClInclude Include="WaveletMath.h">
      <Filter>Header Files</Filter>
    </ClInclude>
    <ClInclude Include="WaveletPacketTree.h">
      <Filter>Header Files</Filter>
    </ClInclude>
    <ClInclude Include="WaveletPacketTreeBase.h">
      <Filter>Header Files</Filter>
    </ClInclude>
    <ClInclude Include="brokentool_collect.h">
      <Filter>Header Files</Filter>
    </ClInclude>
    <ClInclude Include="RT_TCM_AE.h">
      <Filter>Header Files</Filter>
    </ClInclude>
  </ItemGroup>
</Project>